
Microsoft Visual Studio Solution File, Format Version 11.00
# Visual Studio 2010
Project("{FAE04EC0-301F-11D3-BF4B-00C04F79EFBC}") = "ExcelAddIn", "ExcelAddIn\ExcelAddIn.csproj", "{7CAED4A8-523E-47DA-B5A9-E8FFF57AF193}"
EndProject
Project("{2150E333-8FDC-42A3-9474-1A3956D46DE8}") = "Solution Items", "Solution Items", "{A6C08697-AA0D-4E0F-B116-48AE8C4A865C}"
	ProjectSection(SolutionItems) = preProject
		dotnet.vsmdi = dotnet.vsmdi
		Local.testsettings = Local.testsettings
		TraceAndTestImpact.testsettings = TraceAndTestImpact.testsettings
	EndProjectSection
EndProject
Project("{FAE04EC0-301F-11D3-BF4B-00C04F79EFBC}") = "WordAddIn", "WordAddIn\WordAddIn.csproj", "{6E8D58CA-0CAC-4C2A-BC0E-AB6E1071685D}"
EndProject
Project("{FAE04EC0-301F-11D3-BF4B-00C04F79EFBC}") = "PowerPointAddIn", "PowerPointAddIn\PowerPointAddIn.csproj", "{A7CE283E-42B9-455F-B05C-97D5A2F617C2}"
EndProject
Project("{6141683F-8A12-4E36-9623-2EB02B2C2303}") = "AddinSetup", "AddinSetup\AddinSetup.isproj", "{E0664017-AC95-466F-A3DA-226EE8813073}"
	ProjectSection(ProjectDependencies) = postProject
		{A7CE283E-42B9-455F-B05C-97D5A2F617C2} = {A7CE283E-42B9-455F-B05C-97D5A2F617C2}
		{A7CE283E-42B9-455F-B05C-97D5A2F617C2} = {A7CE283E-42B9-455F-B05C-97D5A2F617C2}
		{A7CE283E-42B9-455F-B05C-97D5A2F617C2} = {A7CE283E-42B9-455F-B05C-97D5A2F617C2}
		{A7CE283E-42B9-455F-B05C-97D5A2F617C2} = {A7CE283E-42B9-455F-B05C-97D5A2F617C2}
		{7CAED4A8-523E-47DA-B5A9-E8FFF57AF193} = {7CAED4A8-523E-47DA-B5A9-E8FFF57AF193}
		{7CAED4A8-523E-47DA-B5A9-E8FFF57AF193} = {7CAED4A8-523E-47DA-B5A9-E8FFF57AF193}
		{7CAED4A8-523E-47DA-B5A9-E8FFF57AF193} = {7CAED4A8-523E-47DA-B5A9-E8FFF57AF193}
		{7CAED4A8-523E-47DA-B5A9-E8FFF57AF193} = {7CAED4A8-523E-47DA-B5A9-E8FFF57AF193}
		{6E8D58CA-0CAC-4C2A-BC0E-AB6E1071685D} = {6E8D58CA-0CAC-4C2A-BC0E-AB6E1071685D}
		{6E8D58CA-0CAC-4C2A-BC0E-AB6E1071685D} = {6E8D58CA-0CAC-4C2A-BC0E-AB6E1071685D}
		{6E8D58CA-0CAC-4C2A-BC0E-AB6E1071685D} = {6E8D58CA-0CAC-4C2A-BC0E-AB6E1071685D}
		{6E8D58CA-0CAC-4C2A-BC0E-AB6E1071685D} = {6E8D58CA-0CAC-4C2A-BC0E-AB6E1071685D}
		{6E8D58CA-0CAC-4C2A-BC0E-AB6E1071685D} = {6E8D58CA-0CAC-4C2A-BC0E-AB6E1071685D}
		{6E8D58CA-0CAC-4C2A-BC0E-AB6E1071685D} = {6E8D58CA-0CAC-4C2A-BC0E-AB6E1071685D}
	EndProjectSection
EndProject
Project("{FAE04EC0-301F-11D3-BF4B-00C04F79EFBC}") = "CommonDialogs", "CommonDialogs\CommonDialogs.csproj", "{341E57EE-7F9A-4408-A29F-D4A4340039EE}"
EndProject
Project("{FAE04EC0-301F-11D3-BF4B-00C04F79EFBC}") = "CommonDataHelper", "CommonDataHelper\CommonDataHelper.csproj", "{1E9C69EF-2D53-46D5-93FC-E40A7E0FC36F}"
EndProject
Project("{FAE04EC0-301F-11D3-BF4B-00C04F79EFBC}") = "UnitTests", "UnitTests\UnitTests.csproj", "{D8768818-6774-48C7-954A-27A4A122A874}"
EndProject
Global
	GlobalSection(TestCaseManagementSettings) = postSolution
		CategoryFile = dotnet.vsmdi
	EndGlobalSection
	GlobalSection(SolutionConfigurationPlatforms) = preSolution
		CD_ROM|Any CPU = CD_ROM|Any CPU
		CD_ROM|Mixed Platforms = CD_ROM|Mixed Platforms
		CD_ROM|Win32 = CD_ROM|Win32
		CD_ROM|x64 = CD_ROM|x64
		CD_ROM|x86 = CD_ROM|x86
		Debug|Any CPU = Debug|Any CPU
		Debug|Mixed Platforms = Debug|Mixed Platforms
		Debug|Win32 = Debug|Win32
		Debug|x64 = Debug|x64
		Debug|x86 = Debug|x86
		DVD-5|Any CPU = DVD-5|Any CPU
		DVD-5|Mixed Platforms = DVD-5|Mixed Platforms
		DVD-5|Win32 = DVD-5|Win32
		DVD-5|x64 = DVD-5|x64
		DVD-5|x86 = DVD-5|x86
		Release|Any CPU = Release|Any CPU
		Release|Mixed Platforms = Release|Mixed Platforms
		Release|Win32 = Release|Win32
		Release|x64 = Release|x64
		Release|x86 = Release|x86
		SingleImage|Any CPU = SingleImage|Any CPU
		SingleImage|Mixed Platforms = SingleImage|Mixed Platforms
		SingleImage|Win32 = SingleImage|Win32
		SingleImage|x64 = SingleImage|x64
		SingleImage|x86 = SingleImage|x86
	EndGlobalSection
	GlobalSection(ProjectConfigurationPlatforms) = postSolution
		{7CAED4A8-523E-47DA-B5A9-E8FFF57AF193}.CD_ROM|Any CPU.ActiveCfg = Release|Any CPU
		{7CAED4A8-523E-47DA-B5A9-E8FFF57AF193}.CD_ROM|Any CPU.Build.0 = Release|Any CPU
		{7CAED4A8-523E-47DA-B5A9-E8FFF57AF193}.CD_ROM|Mixed Platforms.ActiveCfg = Release|Any CPU
		{7CAED4A8-523E-47DA-B5A9-E8FFF57AF193}.CD_ROM|Mixed Platforms.Build.0 = Release|Any CPU
		{7CAED4A8-523E-47DA-B5A9-E8FFF57AF193}.CD_ROM|Win32.ActiveCfg = Release|Any CPU
		{7CAED4A8-523E-47DA-B5A9-E8FFF57AF193}.CD_ROM|x64.ActiveCfg = Release|Any CPU
		{7CAED4A8-523E-47DA-B5A9-E8FFF57AF193}.CD_ROM|x86.ActiveCfg = Release|Any CPU
		{7CAED4A8-523E-47DA-B5A9-E8FFF57AF193}.Debug|Any CPU.ActiveCfg = Debug|Any CPU
		{7CAED4A8-523E-47DA-B5A9-E8FFF57AF193}.Debug|Any CPU.Build.0 = Debug|Any CPU
		{7CAED4A8-523E-47DA-B5A9-E8FFF57AF193}.Debug|Mixed Platforms.ActiveCfg = Debug|Any CPU
		{7CAED4A8-523E-47DA-B5A9-E8FFF57AF193}.Debug|Win32.ActiveCfg = Debug|Any CPU
		{7CAED4A8-523E-47DA-B5A9-E8FFF57AF193}.Debug|x64.ActiveCfg = Debug|Any CPU
		{7CAED4A8-523E-47DA-B5A9-E8FFF57AF193}.Debug|x86.ActiveCfg = Debug|Any CPU
		{7CAED4A8-523E-47DA-B5A9-E8FFF57AF193}.DVD-5|Any CPU.ActiveCfg = Debug|Any CPU
		{7CAED4A8-523E-47DA-B5A9-E8FFF57AF193}.DVD-5|Any CPU.Build.0 = Debug|Any CPU
		{7CAED4A8-523E-47DA-B5A9-E8FFF57AF193}.DVD-5|Mixed Platforms.ActiveCfg = Debug|Any CPU
		{7CAED4A8-523E-47DA-B5A9-E8FFF57AF193}.DVD-5|Mixed Platforms.Build.0 = Debug|Any CPU
		{7CAED4A8-523E-47DA-B5A9-E8FFF57AF193}.DVD-5|Win32.ActiveCfg = Debug|Any CPU
		{7CAED4A8-523E-47DA-B5A9-E8FFF57AF193}.DVD-5|x64.ActiveCfg = Debug|Any CPU
		{7CAED4A8-523E-47DA-B5A9-E8FFF57AF193}.DVD-5|x86.ActiveCfg = Debug|Any CPU
		{7CAED4A8-523E-47DA-B5A9-E8FFF57AF193}.Release|Any CPU.ActiveCfg = Release|Any CPU
		{7CAED4A8-523E-47DA-B5A9-E8FFF57AF193}.Release|Any CPU.Build.0 = Release|Any CPU
		{7CAED4A8-523E-47DA-B5A9-E8FFF57AF193}.Release|Mixed Platforms.ActiveCfg = Release|Any CPU
		{7CAED4A8-523E-47DA-B5A9-E8FFF57AF193}.Release|Win32.ActiveCfg = Release|Any CPU
		{7CAED4A8-523E-47DA-B5A9-E8FFF57AF193}.Release|x64.ActiveCfg = Release|Any CPU
		{7CAED4A8-523E-47DA-B5A9-E8FFF57AF193}.Release|x86.ActiveCfg = Release|Any CPU
		{7CAED4A8-523E-47DA-B5A9-E8FFF57AF193}.SingleImage|Any CPU.ActiveCfg = Release|Any CPU
		{7CAED4A8-523E-47DA-B5A9-E8FFF57AF193}.SingleImage|Any CPU.Build.0 = Release|Any CPU
		{7CAED4A8-523E-47DA-B5A9-E8FFF57AF193}.SingleImage|Mixed Platforms.ActiveCfg = Release|Any CPU
		{7CAED4A8-523E-47DA-B5A9-E8FFF57AF193}.SingleImage|Mixed Platforms.Build.0 = Release|Any CPU
		{7CAED4A8-523E-47DA-B5A9-E8FFF57AF193}.SingleImage|Win32.ActiveCfg = Release|Any CPU
		{7CAED4A8-523E-47DA-B5A9-E8FFF57AF193}.SingleImage|x64.ActiveCfg = Release|Any CPU
		{7CAED4A8-523E-47DA-B5A9-E8FFF57AF193}.SingleImage|x86.ActiveCfg = Release|Any CPU
		{6E8D58CA-0CAC-4C2A-BC0E-AB6E1071685D}.CD_ROM|Any CPU.ActiveCfg = Release|Any CPU
		{6E8D58CA-0CAC-4C2A-BC0E-AB6E1071685D}.CD_ROM|Any CPU.Build.0 = Release|Any CPU
		{6E8D58CA-0CAC-4C2A-BC0E-AB6E1071685D}.CD_ROM|Mixed Platforms.ActiveCfg = Release|Any CPU
		{6E8D58CA-0CAC-4C2A-BC0E-AB6E1071685D}.CD_ROM|Mixed Platforms.Build.0 = Release|Any CPU
		{6E8D58CA-0CAC-4C2A-BC0E-AB6E1071685D}.CD_ROM|Win32.ActiveCfg = Release|Any CPU
		{6E8D58CA-0CAC-4C2A-BC0E-AB6E1071685D}.CD_ROM|x64.ActiveCfg = Release|Any CPU
		{6E8D58CA-0CAC-4C2A-BC0E-AB6E1071685D}.CD_ROM|x86.ActiveCfg = Release|Any CPU
		{6E8D58CA-0CAC-4C2A-BC0E-AB6E1071685D}.Debug|Any CPU.ActiveCfg = Debug|Any CPU
		{6E8D58CA-0CAC-4C2A-BC0E-AB6E1071685D}.Debug|Any CPU.Build.0 = Debug|Any CPU
		{6E8D58CA-0CAC-4C2A-BC0E-AB6E1071685D}.Debug|Mixed Platforms.ActiveCfg = Debug|Any CPU
		{6E8D58CA-0CAC-4C2A-BC0E-AB6E1071685D}.Debug|Mixed Platforms.Build.0 = Debug|Any CPU
		{6E8D58CA-0CAC-4C2A-BC0E-AB6E1071685D}.Debug|Win32.ActiveCfg = Debug|Any CPU
		{6E8D58CA-0CAC-4C2A-BC0E-AB6E1071685D}.Debug|x64.ActiveCfg = Debug|Any CPU
		{6E8D58CA-0CAC-4C2A-BC0E-AB6E1071685D}.Debug|x86.ActiveCfg = Debug|Any CPU
		{6E8D58CA-0CAC-4C2A-BC0E-AB6E1071685D}.DVD-5|Any CPU.ActiveCfg = Debug|Any CPU
		{6E8D58CA-0CAC-4C2A-BC0E-AB6E1071685D}.DVD-5|Any CPU.Build.0 = Debug|Any CPU
		{6E8D58CA-0CAC-4C2A-BC0E-AB6E1071685D}.DVD-5|Mixed Platforms.ActiveCfg = Debug|Any CPU
		{6E8D58CA-0CAC-4C2A-BC0E-AB6E1071685D}.DVD-5|Mixed Platforms.Build.0 = Debug|Any CPU
		{6E8D58CA-0CAC-4C2A-BC0E-AB6E1071685D}.DVD-5|Win32.ActiveCfg = Debug|Any CPU
		{6E8D58CA-0CAC-4C2A-BC0E-AB6E1071685D}.DVD-5|x64.ActiveCfg = Debug|Any CPU
		{6E8D58CA-0CAC-4C2A-BC0E-AB6E1071685D}.DVD-5|x86.ActiveCfg = Debug|Any CPU
		{6E8D58CA-0CAC-4C2A-BC0E-AB6E1071685D}.Release|Any CPU.ActiveCfg = Release|Any CPU
		{6E8D58CA-0CAC-4C2A-BC0E-AB6E1071685D}.Release|Any CPU.Build.0 = Release|Any CPU
		{6E8D58CA-0CAC-4C2A-BC0E-AB6E1071685D}.Release|Mixed Platforms.ActiveCfg = Release|Any CPU
		{6E8D58CA-0CAC-4C2A-BC0E-AB6E1071685D}.Release|Win32.ActiveCfg = Release|Any CPU
		{6E8D58CA-0CAC-4C2A-BC0E-AB6E1071685D}.Release|x64.ActiveCfg = Release|Any CPU
		{6E8D58CA-0CAC-4C2A-BC0E-AB6E1071685D}.Release|x86.ActiveCfg = Release|Any CPU
		{6E8D58CA-0CAC-4C2A-BC0E-AB6E1071685D}.SingleImage|Any CPU.ActiveCfg = Release|Any CPU
		{6E8D58CA-0CAC-4C2A-BC0E-AB6E1071685D}.SingleImage|Any CPU.Build.0 = Release|Any CPU
		{6E8D58CA-0CAC-4C2A-BC0E-AB6E1071685D}.SingleImage|Mixed Platforms.ActiveCfg = Release|Any CPU
		{6E8D58CA-0CAC-4C2A-BC0E-AB6E1071685D}.SingleImage|Mixed Platforms.Build.0 = Release|Any CPU
		{6E8D58CA-0CAC-4C2A-BC0E-AB6E1071685D}.SingleImage|Win32.ActiveCfg = Release|Any CPU
		{6E8D58CA-0CAC-4C2A-BC0E-AB6E1071685D}.SingleImage|x64.ActiveCfg = Release|Any CPU
		{6E8D58CA-0CAC-4C2A-BC0E-AB6E1071685D}.SingleImage|x86.ActiveCfg = Release|Any CPU
		{A7CE283E-42B9-455F-B05C-97D5A2F617C2}.CD_ROM|Any CPU.ActiveCfg = Release|Any CPU
		{A7CE283E-42B9-455F-B05C-97D5A2F617C2}.CD_ROM|Any CPU.Build.0 = Release|Any CPU
		{A7CE283E-42B9-455F-B05C-97D5A2F617C2}.CD_ROM|Mixed Platforms.ActiveCfg = Release|Any CPU
		{A7CE283E-42B9-455F-B05C-97D5A2F617C2}.CD_ROM|Mixed Platforms.Build.0 = Release|Any CPU
		{A7CE283E-42B9-455F-B05C-97D5A2F617C2}.CD_ROM|Win32.ActiveCfg = Release|Any CPU
		{A7CE283E-42B9-455F-B05C-97D5A2F617C2}.CD_ROM|x64.ActiveCfg = Release|Any CPU
		{A7CE283E-42B9-455F-B05C-97D5A2F617C2}.CD_ROM|x86.ActiveCfg = Release|Any CPU
		{A7CE283E-42B9-455F-B05C-97D5A2F617C2}.Debug|Any CPU.ActiveCfg = Debug|Any CPU
		{A7CE283E-42B9-455F-B05C-97D5A2F617C2}.Debug|Any CPU.Build.0 = Debug|Any CPU
		{A7CE283E-42B9-455F-B05C-97D5A2F617C2}.Debug|Mixed Platforms.ActiveCfg = Debug|Any CPU
		{A7CE283E-42B9-455F-B05C-97D5A2F617C2}.Debug|Mixed Platforms.Build.0 = Debug|Any CPU
		{A7CE283E-42B9-455F-B05C-97D5A2F617C2}.Debug|Win32.ActiveCfg = Debug|Any CPU
		{A7CE283E-42B9-455F-B05C-97D5A2F617C2}.Debug|x64.ActiveCfg = Debug|Any CPU
		{A7CE283E-42B9-455F-B05C-97D5A2F617C2}.Debug|x86.ActiveCfg = Debug|Any CPU
		{A7CE283E-42B9-455F-B05C-97D5A2F617C2}.DVD-5|Any CPU.ActiveCfg = Debug|Any CPU
		{A7CE283E-42B9-455F-B05C-97D5A2F617C2}.DVD-5|Any CPU.Build.0 = Debug|Any CPU
		{A7CE283E-42B9-455F-B05C-97D5A2F617C2}.DVD-5|Mixed Platforms.ActiveCfg = Debug|Any CPU
		{A7CE283E-42B9-455F-B05C-97D5A2F617C2}.DVD-5|Mixed Platforms.Build.0 = Debug|Any CPU
		{A7CE283E-42B9-455F-B05C-97D5A2F617C2}.DVD-5|Win32.ActiveCfg = Debug|Any CPU
		{A7CE283E-42B9-455F-B05C-97D5A2F617C2}.DVD-5|x64.ActiveCfg = Debug|Any CPU
		{A7CE283E-42B9-455F-B05C-97D5A2F617C2}.DVD-5|x86.ActiveCfg = Debug|Any CPU
		{A7CE283E-42B9-455F-B05C-97D5A2F617C2}.Release|Any CPU.ActiveCfg = Release|Any CPU
		{A7CE283E-42B9-455F-B05C-97D5A2F617C2}.Release|Any CPU.Build.0 = Release|Any CPU
		{A7CE283E-42B9-455F-B05C-97D5A2F617C2}.Release|Mixed Platforms.ActiveCfg = Release|Any CPU
		{A7CE283E-42B9-455F-B05C-97D5A2F617C2}.Release|Win32.ActiveCfg = Release|Any CPU
		{A7CE283E-42B9-455F-B05C-97D5A2F617C2}.Release|x64.ActiveCfg = Release|Any CPU
		{A7CE283E-42B9-455F-B05C-97D5A2F617C2}.Release|x86.ActiveCfg = Release|Any CPU
		{A7CE283E-42B9-455F-B05C-97D5A2F617C2}.SingleImage|Any CPU.ActiveCfg = Release|Any CPU
		{A7CE283E-42B9-455F-B05C-97D5A2F617C2}.SingleImage|Any CPU.Build.0 = Release|Any CPU
		{A7CE283E-42B9-455F-B05C-97D5A2F617C2}.SingleImage|Mixed Platforms.ActiveCfg = Release|Any CPU
		{A7CE283E-42B9-455F-B05C-97D5A2F617C2}.SingleImage|Mixed Platforms.Build.0 = Release|Any CPU
		{A7CE283E-42B9-455F-B05C-97D5A2F617C2}.SingleImage|Win32.ActiveCfg = Release|Any CPU
		{A7CE283E-42B9-455F-B05C-97D5A2F617C2}.SingleImage|x64.ActiveCfg = Release|Any CPU
		{A7CE283E-42B9-455F-B05C-97D5A2F617C2}.SingleImage|x86.ActiveCfg = Release|Any CPU
		{E0664017-AC95-466F-A3DA-226EE8813073}.CD_ROM|Any CPU.ActiveCfg = CD_ROM
		{E0664017-AC95-466F-A3DA-226EE8813073}.CD_ROM|Any CPU.Build.0 = CD_ROM
		{E0664017-AC95-466F-A3DA-226EE8813073}.CD_ROM|Mixed Platforms.ActiveCfg = CD_ROM
		{E0664017-AC95-466F-A3DA-226EE8813073}.CD_ROM|Mixed Platforms.Build.0 = CD_ROM
		{E0664017-AC95-466F-A3DA-226EE8813073}.CD_ROM|Win32.ActiveCfg = CD_ROM
		{E0664017-AC95-466F-A3DA-226EE8813073}.CD_ROM|Win32.Build.0 = CD_ROM
		{E0664017-AC95-466F-A3DA-226EE8813073}.CD_ROM|x64.ActiveCfg = CD_ROM
		{E0664017-AC95-466F-A3DA-226EE8813073}.CD_ROM|x64.Build.0 = CD_ROM
		{E0664017-AC95-466F-A3DA-226EE8813073}.CD_ROM|x86.ActiveCfg = CD_ROM
		{E0664017-AC95-466F-A3DA-226EE8813073}.CD_ROM|x86.Build.0 = CD_ROM
		{E0664017-AC95-466F-A3DA-226EE8813073}.Debug|Any CPU.ActiveCfg = DVD-5
		{E0664017-AC95-466F-A3DA-226EE8813073}.Debug|Any CPU.Build.0 = DVD-5
		{E0664017-AC95-466F-A3DA-226EE8813073}.Debug|Mixed Platforms.ActiveCfg = DVD-5
		{E0664017-AC95-466F-A3DA-226EE8813073}.Debug|Mixed Platforms.Build.0 = DVD-5
		{E0664017-AC95-466F-A3DA-226EE8813073}.Debug|Win32.ActiveCfg = DVD-5
		{E0664017-AC95-466F-A3DA-226EE8813073}.Debug|Win32.Build.0 = DVD-5
		{E0664017-AC95-466F-A3DA-226EE8813073}.Debug|x64.ActiveCfg = DVD-5
		{E0664017-AC95-466F-A3DA-226EE8813073}.Debug|x64.Build.0 = DVD-5
		{E0664017-AC95-466F-A3DA-226EE8813073}.Debug|x86.ActiveCfg = DVD-5
		{E0664017-AC95-466F-A3DA-226EE8813073}.Debug|x86.Build.0 = DVD-5
		{E0664017-AC95-466F-A3DA-226EE8813073}.DVD-5|Any CPU.ActiveCfg = DVD-5
		{E0664017-AC95-466F-A3DA-226EE8813073}.DVD-5|Any CPU.Build.0 = DVD-5
		{E0664017-AC95-466F-A3DA-226EE8813073}.DVD-5|Mixed Platforms.ActiveCfg = DVD-5
		{E0664017-AC95-466F-A3DA-226EE8813073}.DVD-5|Mixed Platforms.Build.0 = DVD-5
		{E0664017-AC95-466F-A3DA-226EE8813073}.DVD-5|Win32.ActiveCfg = DVD-5
		{E0664017-AC95-466F-A3DA-226EE8813073}.DVD-5|Win32.Build.0 = DVD-5
		{E0664017-AC95-466F-A3DA-226EE8813073}.DVD-5|x64.ActiveCfg = DVD-5
		{E0664017-AC95-466F-A3DA-226EE8813073}.DVD-5|x64.Build.0 = DVD-5
		{E0664017-AC95-466F-A3DA-226EE8813073}.DVD-5|x86.ActiveCfg = DVD-5
		{E0664017-AC95-466F-A3DA-226EE8813073}.DVD-5|x86.Build.0 = DVD-5
		{E0664017-AC95-466F-A3DA-226EE8813073}.Release|Any CPU.ActiveCfg = SingleImage
		{E0664017-AC95-466F-A3DA-226EE8813073}.Release|Any CPU.Build.0 = SingleImage
		{E0664017-AC95-466F-A3DA-226EE8813073}.Release|Mixed Platforms.ActiveCfg = SingleImage
		{E0664017-AC95-466F-A3DA-226EE8813073}.Release|Win32.ActiveCfg = SingleImage
		{E0664017-AC95-466F-A3DA-226EE8813073}.Release|Win32.Build.0 = SingleImage
		{E0664017-AC95-466F-A3DA-226EE8813073}.Release|x64.ActiveCfg = SingleImage
		{E0664017-AC95-466F-A3DA-226EE8813073}.Release|x64.Build.0 = SingleImage
		{E0664017-AC95-466F-A3DA-226EE8813073}.Release|x86.ActiveCfg = SingleImage
		{E0664017-AC95-466F-A3DA-226EE8813073}.Release|x86.Build.0 = SingleImage
		{E0664017-AC95-466F-A3DA-226EE8813073}.SingleImage|Any CPU.ActiveCfg = SingleImage
		{E0664017-AC95-466F-A3DA-226EE8813073}.SingleImage|Any CPU.Build.0 = SingleImage
		{E0664017-AC95-466F-A3DA-226EE8813073}.SingleImage|Mixed Platforms.ActiveCfg = SingleImage
		{E0664017-AC95-466F-A3DA-226EE8813073}.SingleImage|Mixed Platforms.Build.0 = SingleImage
		{E0664017-AC95-466F-A3DA-226EE8813073}.SingleImage|Win32.ActiveCfg = SingleImage
		{E0664017-AC95-466F-A3DA-226EE8813073}.SingleImage|Win32.Build.0 = SingleImage
		{E0664017-AC95-466F-A3DA-226EE8813073}.SingleImage|x64.ActiveCfg = SingleImage
		{E0664017-AC95-466F-A3DA-226EE8813073}.SingleImage|x64.Build.0 = SingleImage
		{E0664017-AC95-466F-A3DA-226EE8813073}.SingleImage|x86.ActiveCfg = SingleImage
		{E0664017-AC95-466F-A3DA-226EE8813073}.SingleImage|x86.Build.0 = SingleImage
		{341E57EE-7F9A-4408-A29F-D4A4340039EE}.CD_ROM|Any CPU.ActiveCfg = Release|Any CPU
		{341E57EE-7F9A-4408-A29F-D4A4340039EE}.CD_ROM|Any CPU.Build.0 = Release|Any CPU
		{341E57EE-7F9A-4408-A29F-D4A4340039EE}.CD_ROM|Mixed Platforms.ActiveCfg = Release|Any CPU
		{341E57EE-7F9A-4408-A29F-D4A4340039EE}.CD_ROM|Mixed Platforms.Build.0 = Release|Any CPU
		{341E57EE-7F9A-4408-A29F-D4A4340039EE}.CD_ROM|Win32.ActiveCfg = Release|Any CPU
		{341E57EE-7F9A-4408-A29F-D4A4340039EE}.CD_ROM|x64.ActiveCfg = Release|Any CPU
		{341E57EE-7F9A-4408-A29F-D4A4340039EE}.CD_ROM|x86.ActiveCfg = Release|Any CPU
		{341E57EE-7F9A-4408-A29F-D4A4340039EE}.Debug|Any CPU.ActiveCfg = Debug|Any CPU
		{341E57EE-7F9A-4408-A29F-D4A4340039EE}.Debug|Any CPU.Build.0 = Debug|Any CPU
		{341E57EE-7F9A-4408-A29F-D4A4340039EE}.Debug|Mixed Platforms.ActiveCfg = Debug|Any CPU
		{341E57EE-7F9A-4408-A29F-D4A4340039EE}.Debug|Mixed Platforms.Build.0 = Debug|Any CPU
		{341E57EE-7F9A-4408-A29F-D4A4340039EE}.Debug|Win32.ActiveCfg = Debug|Any CPU
		{341E57EE-7F9A-4408-A29F-D4A4340039EE}.Debug|x64.ActiveCfg = Debug|Any CPU
		{341E57EE-7F9A-4408-A29F-D4A4340039EE}.Debug|x86.ActiveCfg = Debug|Any CPU
		{341E57EE-7F9A-4408-A29F-D4A4340039EE}.DVD-5|Any CPU.ActiveCfg = Debug|Any CPU
		{341E57EE-7F9A-4408-A29F-D4A4340039EE}.DVD-5|Any CPU.Build.0 = Debug|Any CPU
		{341E57EE-7F9A-4408-A29F-D4A4340039EE}.DVD-5|Mixed Platforms.ActiveCfg = Debug|Any CPU
		{341E57EE-7F9A-4408-A29F-D4A4340039EE}.DVD-5|Mixed Platforms.Build.0 = Debug|Any CPU
		{341E57EE-7F9A-4408-A29F-D4A4340039EE}.DVD-5|Win32.ActiveCfg = Debug|Any CPU
		{341E57EE-7F9A-4408-A29F-D4A4340039EE}.DVD-5|x64.ActiveCfg = Debug|Any CPU
		{341E57EE-7F9A-4408-A29F-D4A4340039EE}.DVD-5|x86.ActiveCfg = Debug|Any CPU
		{341E57EE-7F9A-4408-A29F-D4A4340039EE}.Release|Any CPU.ActiveCfg = Release|Any CPU
		{341E57EE-7F9A-4408-A29F-D4A4340039EE}.Release|Any CPU.Build.0 = Release|Any CPU
		{341E57EE-7F9A-4408-A29F-D4A4340039EE}.Release|Mixed Platforms.ActiveCfg = Release|Any CPU
		{341E57EE-7F9A-4408-A29F-D4A4340039EE}.Release|Mixed Platforms.Build.0 = Release|Any CPU
		{341E57EE-7F9A-4408-A29F-D4A4340039EE}.Release|Win32.ActiveCfg = Release|Any CPU
		{341E57EE-7F9A-4408-A29F-D4A4340039EE}.Release|x64.ActiveCfg = Release|Any CPU
		{341E57EE-7F9A-4408-A29F-D4A4340039EE}.Release|x86.ActiveCfg = Release|Any CPU
		{341E57EE-7F9A-4408-A29F-D4A4340039EE}.SingleImage|Any CPU.ActiveCfg = Release|Any CPU
		{341E57EE-7F9A-4408-A29F-D4A4340039EE}.SingleImage|Any CPU.Build.0 = Release|Any CPU
		{341E57EE-7F9A-4408-A29F-D4A4340039EE}.SingleImage|Mixed Platforms.ActiveCfg = Release|Any CPU
		{341E57EE-7F9A-4408-A29F-D4A4340039EE}.SingleImage|Mixed Platforms.Build.0 = Release|Any CPU
		{341E57EE-7F9A-4408-A29F-D4A4340039EE}.SingleImage|Win32.ActiveCfg = Release|Any CPU
		{341E57EE-7F9A-4408-A29F-D4A4340039EE}.SingleImage|x64.ActiveCfg = Release|Any CPU
		{341E57EE-7F9A-4408-A29F-D4A4340039EE}.SingleImage|x86.ActiveCfg = Release|Any CPU
		{1E9C69EF-2D53-46D5-93FC-E40A7E0FC36F}.CD_ROM|Any CPU.ActiveCfg = Release|Any CPU
		{1E9C69EF-2D53-46D5-93FC-E40A7E0FC36F}.CD_ROM|Any CPU.Build.0 = Release|Any CPU
		{1E9C69EF-2D53-46D5-93FC-E40A7E0FC36F}.CD_ROM|Mixed Platforms.ActiveCfg = Release|Any CPU
		{1E9C69EF-2D53-46D5-93FC-E40A7E0FC36F}.CD_ROM|Mixed Platforms.Build.0 = Release|Any CPU
		{1E9C69EF-2D53-46D5-93FC-E40A7E0FC36F}.CD_ROM|Win32.ActiveCfg = Release|Any CPU
		{1E9C69EF-2D53-46D5-93FC-E40A7E0FC36F}.CD_ROM|x64.ActiveCfg = Release|Any CPU
		{1E9C69EF-2D53-46D5-93FC-E40A7E0FC36F}.CD_ROM|x86.ActiveCfg = Release|Any CPU
		{1E9C69EF-2D53-46D5-93FC-E40A7E0FC36F}.Debug|Any CPU.ActiveCfg = Debug|Any CPU
		{1E9C69EF-2D53-46D5-93FC-E40A7E0FC36F}.Debug|Any CPU.Build.0 = Debug|Any CPU
		{1E9C69EF-2D53-46D5-93FC-E40A7E0FC36F}.Debug|Mixed Platforms.ActiveCfg = Debug|Any CPU
		{1E9C69EF-2D53-46D5-93FC-E40A7E0FC36F}.Debug|Mixed Platforms.Build.0 = Debug|Any CPU
		{1E9C69EF-2D53-46D5-93FC-E40A7E0FC36F}.Debug|Win32.ActiveCfg = Debug|Any CPU
		{1E9C69EF-2D53-46D5-93FC-E40A7E0FC36F}.Debug|x64.ActiveCfg = Debug|Any CPU
		{1E9C69EF-2D53-46D5-93FC-E40A7E0FC36F}.Debug|x86.ActiveCfg = Debug|Any CPU
		{1E9C69EF-2D53-46D5-93FC-E40A7E0FC36F}.DVD-5|Any CPU.ActiveCfg = Debug|Any CPU
		{1E9C69EF-2D53-46D5-93FC-E40A7E0FC36F}.DVD-5|Any CPU.Build.0 = Debug|Any CPU
		{1E9C69EF-2D53-46D5-93FC-E40A7E0FC36F}.DVD-5|Mixed Platforms.ActiveCfg = Debug|Any CPU
		{1E9C69EF-2D53-46D5-93FC-E40A7E0FC36F}.DVD-5|Mixed Platforms.Build.0 = Debug|Any CPU
		{1E9C69EF-2D53-46D5-93FC-E40A7E0FC36F}.DVD-5|Win32.ActiveCfg = Debug|Any CPU
		{1E9C69EF-2D53-46D5-93FC-E40A7E0FC36F}.DVD-5|x64.ActiveCfg = Debug|Any CPU
		{1E9C69EF-2D53-46D5-93FC-E40A7E0FC36F}.DVD-5|x86.ActiveCfg = Debug|Any CPU
		{1E9C69EF-2D53-46D5-93FC-E40A7E0FC36F}.Release|Any CPU.ActiveCfg = Release|Any CPU
		{1E9C69EF-2D53-46D5-93FC-E40A7E0FC36F}.Release|Any CPU.Build.0 = Release|Any CPU
		{1E9C69EF-2D53-46D5-93FC-E40A7E0FC36F}.Release|Mixed Platforms.ActiveCfg = Release|Any CPU
		{1E9C69EF-2D53-46D5-93FC-E40A7E0FC36F}.Release|Mixed Platforms.Build.0 = Release|Any CPU
		{1E9C69EF-2D53-46D5-93FC-E40A7E0FC36F}.Release|Win32.ActiveCfg = Release|Any CPU
		{1E9C69EF-2D53-46D5-93FC-E40A7E0FC36F}.Release|x64.ActiveCfg = Release|Any CPU
		{1E9C69EF-2D53-46D5-93FC-E40A7E0FC36F}.Release|x86.ActiveCfg = Release|Any CPU
		{1E9C69EF-2D53-46D5-93FC-E40A7E0FC36F}.SingleImage|Any CPU.ActiveCfg = Release|Any CPU
		{1E9C69EF-2D53-46D5-93FC-E40A7E0FC36F}.SingleImage|Any CPU.Build.0 = Release|Any CPU
		{1E9C69EF-2D53-46D5-93FC-E40A7E0FC36F}.SingleImage|Mixed Platforms.ActiveCfg = Release|Any CPU
		{1E9C69EF-2D53-46D5-93FC-E40A7E0FC36F}.SingleImage|Mixed Platforms.Build.0 = Release|Any CPU
		{1E9C69EF-2D53-46D5-93FC-E40A7E0FC36F}.SingleImage|Win32.ActiveCfg = Release|Any CPU
		{1E9C69EF-2D53-46D5-93FC-E40A7E0FC36F}.SingleImage|x64.ActiveCfg = Release|Any CPU
		{1E9C69EF-2D53-46D5-93FC-E40A7E0FC36F}.SingleImage|x86.ActiveCfg = Release|Any CPU
		{D8768818-6774-48C7-954A-27A4A122A874}.CD_ROM|Any CPU.ActiveCfg = Release|Any CPU
		{D8768818-6774-48C7-954A-27A4A122A874}.CD_ROM|Any CPU.Build.0 = Release|Any CPU
		{D8768818-6774-48C7-954A-27A4A122A874}.CD_ROM|Mixed Platforms.ActiveCfg = Release|Any CPU
		{D8768818-6774-48C7-954A-27A4A122A874}.CD_ROM|Mixed Platforms.Build.0 = Release|Any CPU
		{D8768818-6774-48C7-954A-27A4A122A874}.CD_ROM|Win32.ActiveCfg = Release|Any CPU
		{D8768818-6774-48C7-954A-27A4A122A874}.CD_ROM|x64.ActiveCfg = Release|Any CPU
		{D8768818-6774-48C7-954A-27A4A122A874}.CD_ROM|x86.ActiveCfg = Release|Any CPU
		{D8768818-6774-48C7-954A-27A4A122A874}.Debug|Any CPU.ActiveCfg = Debug|Any CPU
		{D8768818-6774-48C7-954A-27A4A122A874}.Debug|Any CPU.Build.0 = Debug|Any CPU
		{D8768818-6774-48C7-954A-27A4A122A874}.Debug|Mixed Platforms.ActiveCfg = Debug|Any CPU
		{D8768818-6774-48C7-954A-27A4A122A874}.Debug|Mixed Platforms.Build.0 = Debug|Any CPU
		{D8768818-6774-48C7-954A-27A4A122A874}.Debug|Win32.ActiveCfg = Debug|Any CPU
		{D8768818-6774-48C7-954A-27A4A122A874}.Debug|x64.ActiveCfg = Debug|Any CPU
		{D8768818-6774-48C7-954A-27A4A122A874}.Debug|x86.ActiveCfg = Debug|Any CPU
		{D8768818-6774-48C7-954A-27A4A122A874}.DVD-5|Any CPU.ActiveCfg = Debug|Any CPU
		{D8768818-6774-48C7-954A-27A4A122A874}.DVD-5|Any CPU.Build.0 = Debug|Any CPU
		{D8768818-6774-48C7-954A-27A4A122A874}.DVD-5|Mixed Platforms.ActiveCfg = Debug|Any CPU
		{D8768818-6774-48C7-954A-27A4A122A874}.DVD-5|Mixed Platforms.Build.0 = Debug|Any CPU
		{D8768818-6774-48C7-954A-27A4A122A874}.DVD-5|Win32.ActiveCfg = Debug|Any CPU
		{D8768818-6774-48C7-954A-27A4A122A874}.DVD-5|x64.ActiveCfg = Debug|Any CPU
		{D8768818-6774-48C7-954A-27A4A122A874}.DVD-5|x86.ActiveCfg = Debug|Any CPU
		{D8768818-6774-48C7-954A-27A4A122A874}.Release|Any CPU.ActiveCfg = Release|Any CPU
		{D8768818-6774-48C7-954A-27A4A122A874}.Release|Any CPU.Build.0 = Release|Any CPU
		{D8768818-6774-48C7-954A-27A4A122A874}.Release|Mixed Platforms.ActiveCfg = Release|Any CPU
		{D8768818-6774-48C7-954A-27A4A122A874}.Release|Mixed Platforms.Build.0 = Release|Any CPU
		{D8768818-6774-48C7-954A-27A4A122A874}.Release|Win32.ActiveCfg = Release|Any CPU
		{D8768818-6774-48C7-954A-27A4A122A874}.Release|x64.ActiveCfg = Release|Any CPU
		{D8768818-6774-48C7-954A-27A4A122A874}.Release|x86.ActiveCfg = Release|Any CPU
		{D8768818-6774-48C7-954A-27A4A122A874}.SingleImage|Any CPU.ActiveCfg = Release|Any CPU
		{D8768818-6774-48C7-954A-27A4A122A874}.SingleImage|Any CPU.Build.0 = Release|Any CPU
		{D8768818-6774-48C7-954A-27A4A122A874}.SingleImage|Mixed Platforms.ActiveCfg = Release|Any CPU
		{D8768818-6774-48C7-954A-27A4A122A874}.SingleImage|Mixed Platforms.Build.0 = Release|Any CPU
		{D8768818-6774-48C7-954A-27A4A122A874}.SingleImage|Win32.ActiveCfg = Release|Any CPU
		{D8768818-6774-48C7-954A-27A4A122A874}.SingleImage|x64.ActiveCfg = Release|Any CPU
		{D8768818-6774-48C7-954A-27A4A122A874}.SingleImage|x86.ActiveCfg = Release|Any CPU
	EndGlobalSection
	GlobalSection(SolutionProperties) = preSolution
		HideSolutionNode = FALSE
	EndGlobalSection
EndGlobal
